
Microsoft Visual Studio Solution File, Format Version 12.00
Project("{FAE04EC0-301F-11D3-BF4B-00C04F79EFBC}") = "MoneyManager_UserControl_API", "MoneyManager_UserControl_API\MoneyManager_UserControl_API.csproj", "{EFF2299D-4B4B-4455-94A8-70021F5CA430}"
EndProject
Project("{FAE04EC0-301F-11D3-BF4B-00C04F79EFBC}") = "Data", "Data\Data.csproj", "{2FDD97F9-8D87-4AB3-A77D-38240942EC83}"
EndProject
Project("{FAE04EC0-301F-11D3-BF4B-00C04F79EFBC}") = "Data.PostgreSQL", "Data.PostgreSQL\Data.PostgreSQL.csproj", "{91317F50-80A4-404E-88D6-72AB220E54EA}"
EndProject
Project("{FAE04EC0-301F-11D3-BF4B-00C04F79EFBC}") = "Core", "Core\Core.csproj", "{FD823E06-8037-4B7F-87F4-A17CB4B9650F}"
EndProject
Project("{FAE04EC0-301F-11D3-BF4B-00C04F79EFBC}") = "Utilities", "Utilities\Utilities.csproj", "{13E3501E-DF6E-4324-B791-4CFFEFDBE54B}"
EndProject
Global
	GlobalSection(SolutionConfigurationPlatforms) = preSolution
		Debug|Any CPU = Debug|Any CPU
		Release|Any CPU = Release|Any CPU
	EndGlobalSection
	GlobalSection(ProjectConfigurationPlatforms) = postSolution
		{EFF2299D-4B4B-4455-94A8-70021F5CA430}.Debug|Any CPU.ActiveCfg = Debug|Any CPU
		{EFF2299D-4B4B-4455-94A8-70021F5CA430}.Debug|Any CPU.Build.0 = Debug|Any CPU
		{EFF2299D-4B4B-4455-94A8-70021F5CA430}.Release|Any CPU.ActiveCfg = Release|Any CPU
		{EFF2299D-4B4B-4455-94A8-70021F5CA430}.Release|Any CPU.Build.0 = Release|Any CPU
		{2FDD97F9-8D87-4AB3-A77D-38240942EC83}.Debug|Any CPU.ActiveCfg = Debug|Any CPU
		{2FDD97F9-8D87-4AB3-A77D-38240942EC83}.Debug|Any CPU.Build.0 = Debug|Any CPU
		{2FDD97F9-8D87-4AB3-A77D-38240942EC83}.Release|Any CPU.ActiveCfg = Release|Any CPU
		{2FDD97F9-8D87-4AB3-A77D-38240942EC83}.Release|Any CPU.Build.0 = Release|Any CPU
		{91317F50-80A4-404E-88D6-72AB220E54EA}.Debug|Any CPU.ActiveCfg = Debug|Any CPU
		{91317F50-80A4-404E-88D6-72AB220E54EA}.Debug|Any CPU.Build.0 = Debug|Any CPU
		{91317F50-80A4-404E-88D6-72AB220E54EA}.Release|Any CPU.ActiveCfg = Release|Any CPU
		{91317F50-80A4-404E-88D6-72AB220E54EA}.Release|Any CPU.Build.0 = Release|Any CPU
		{FD823E06-8037-4B7F-87F4-A17CB4B9650F}.Debug|Any CPU.ActiveCfg = Debug|Any CPU
		{FD823E06-8037-4B7F-87F4-A17CB4B9650F}.Debug|Any CPU.Build.0 = Debug|Any CPU
		{FD823E06-8037-4B7F-87F4-A17CB4B9650F}.Release|Any CPU.ActiveCfg = Release|Any CPU
		{FD823E06-8037-4B7F-87F4-A17CB4B9650F}.Release|Any CPU.Build.0 = Release|Any CPU
		{13E3501E-DF6E-4324-B791-4CFFEFDBE54B}.Debug|Any CPU.ActiveCfg = Debug|Any CPU
		{13E3501E-DF6E-4324-B791-4CFFEFDBE54B}.Debug|Any CPU.Build.0 = Debug|Any CPU
		{13E3501E-DF6E-4324-B791-4CFFEFDBE54B}.Release|Any CPU.ActiveCfg = Release|Any CPU
		{13E3501E-DF6E-4324-B791-4CFFEFDBE54B}.Release|Any CPU.Build.0 = Release|Any CPU
	EndGlobalSection
EndGlobal
